
Microsoft Visual Studio Solution File, Format Version 12.00
# Visual Studio Version 17
VisualStudioVersion = 17.8.34330.188
MinimumVisualStudioVersion = 10.0.40219.1
Project("{FAE04EC0-301F-11D3-BF4B-00C04F79EFBC}") = "GithubBRanchtest", "GithubBRanchtest.csproj", "{4155C696-86E3-473D-9A82-FAB768422680}"
EndProject
Global
	GlobalSection(SolutionConfigurationPlatforms) = preSolution
		Debug|Any CPU = Debug|Any CPU
		Release|Any CPU = Release|Any CPU
	EndGlobalSection
	GlobalSection(ProjectConfigurationPlatforms) = postSolution
		{4155C696-86E3-473D-9A82-FAB768422680}.Debug|Any CPU.ActiveCfg = Debug|Any CPU
		{4155C696-86E3-473D-9A82-FAB768422680}.Debug|Any CPU.Build.0 = Debug|Any CPU
		{4155C696-86E3-473D-9A82-FAB768422680}.Release|Any CPU.ActiveCfg = Release|Any CPU
		{4155C696-86E3-473D-9A82-FAB768422680}.Release|Any CPU.Build.0 = Release|Any CPU
	EndGlobalSection
	GlobalSection(SolutionProperties) = preSolution
		HideSolutionNode = FALSE
	EndGlobalSection
	GlobalSection(ExtensibilityGlobals) = postSolution
		SolutionGuid = {EFE44D2F-F859-4781-BDEF-642D4BAF2195}
	EndGlobalSection
EndGlobal
